
Microsoft Visual Studio Solution File, Format Version 12.00
# Visual Studio Version 17
VisualStudioVersion = 17.4.33110.190
MinimumVisualStudioVersion = 10.0.40219.1
Project("{FAE04EC0-301F-11D3-BF4B-00C04F79EFBC}") = "eTickets", "eTickets\eTickets.csproj", "{BA42F1C0-61DA-4ABB-85B6-C48DF9F4954A}"
EndProject
Global
	GlobalSection(SolutionConfigurationPlatforms) = preSolution
		Debug|Any CPU = Debug|Any CPU
		Release|Any CPU = Release|Any CPU
	EndGlobalSection
	GlobalSection(ProjectConfigurationPlatforms) = postSolution
		{BA42F1C0-61DA-4ABB-85B6-C48DF9F4954A}.Debug|Any CPU.ActiveCfg = Debug|Any CPU
		{BA42F1C0-61DA-4ABB-85B6-C48DF9F4954A}.Debug|Any CPU.Build.0 = Debug|Any CPU
		{BA42F1C0-61DA-4ABB-85B6-C48DF9F4954A}.Release|Any CPU.ActiveCfg = Release|Any CPU
		{BA42F1C0-61DA-4ABB-85B6-C48DF9F4954A}.Release|Any CPU.Build.0 = Release|Any CPU
	EndGlobalSection
	GlobalSection(SolutionProperties) = preSolution
		HideSolutionNode = FALSE
	EndGlobalSection
	GlobalSection(ExtensibilityGlobals) = postSolution
		SolutionGuid = {5A53266B-5C98-41EB-932D-AFD9EF2A3BBF}
	EndGlobalSection
EndGlobal
